
Microsoft Visual Studio Solution File, Format Version 12.00
# Visual Studio Version 16
VisualStudioVersion = 16.0.31410.357
MinimumVisualStudioVersion = 10.0.40219.1
Project("{151D2E53-A2C4-4D7D-83FE-D05416EBD58E}") = "RelTestVm-00", "RelTestVm-00\RelTestVm-00.deployproj", "{0B8AA654-5CD3-4B27-9449-4ADDBAAD0ABB}"
EndProject
Global
	GlobalSection(SolutionConfigurationPlatforms) = preSolution
		Debug|Any CPU = Debug|Any CPU
		Release|Any CPU = Release|Any CPU
	EndGlobalSection
	GlobalSection(ProjectConfigurationPlatforms) = postSolution
		{0B8AA654-5CD3-4B27-9449-4ADDBAAD0ABB}.Debug|Any CPU.ActiveCfg = Debug|Any CPU
		{0B8AA654-5CD3-4B27-9449-4ADDBAAD0ABB}.Debug|Any CPU.Build.0 = Debug|Any CPU
		{0B8AA654-5CD3-4B27-9449-4ADDBAAD0ABB}.Release|Any CPU.ActiveCfg = Release|Any CPU
		{0B8AA654-5CD3-4B27-9449-4ADDBAAD0ABB}.Release|Any CPU.Build.0 = Release|Any CPU
	EndGlobalSection
	GlobalSection(SolutionProperties) = preSolution
		HideSolutionNode = FALSE
	EndGlobalSection
	GlobalSection(ExtensibilityGlobals) = postSolution
		SolutionGuid = {2254FA5D-4B82-4675-95EB-FE51F9A42F32}
	EndGlobalSection
EndGlobal
